
Microsoft Visual Studio Solution File, Format Version 12.00
Project("{2150E333-8FDC-42A3-9474-1A3956D46DE8}") = "root", "root", "{C64FC7BB-AF06-459F-8685-D9978A5AFDD7}"
	ProjectSection(SolutionItems) = preProject
		docker-compose.yml = docker-compose.yml
		.editorconfig = .editorconfig
	EndProjectSection
EndProject
Project("{2150E333-8FDC-42A3-9474-1A3956D46DE8}") = "shared", "shared", "{96F5EF3B-83F8-4D4C-907A-19A6A7F780FC}"
EndProject
Project("{FAE04EC0-301F-11D3-BF4B-00C04F79EFBC}") = "Domain", "shared\Domain\Domain.csproj", "{21065734-3646-4AC6-B5B5-735F9A53D36F}"
EndProject
Project("{FAE04EC0-301F-11D3-BF4B-00C04F79EFBC}") = "Messages", "shared\Messages\Messages.csproj", "{3767506B-D3E6-4C12-AC77-4DD51F579436}"
EndProject
Project("{2150E333-8FDC-42A3-9474-1A3956D46DE8}") = "library", "library", "{D8C05093-F967-48F1-BED0-93A72CECE152}"
EndProject
Project("{FAE04EC0-301F-11D3-BF4B-00C04F79EFBC}") = "RPC", "library\RPC\RPC.csproj", "{8F122062-76DC-4EE8-AA6D-0233197C537A}"
EndProject
Project("{2150E333-8FDC-42A3-9474-1A3956D46DE8}") = "deployable", "deployable", "{E6B0C11E-00E0-40AA-A7E5-23C76F5B2BC9}"
EndProject
Project("{FAE04EC0-301F-11D3-BF4B-00C04F79EFBC}") = "ExpenseRepository", "deployable\ExpenseRepository\ExpenseRepository.csproj", "{410D350B-F5F7-4233-8C47-7A1CBE958B80}"
EndProject
Project("{FAE04EC0-301F-11D3-BF4B-00C04F79EFBC}") = "ExpenseService", "deployable\ExpenseService\ExpenseService.csproj", "{8D1903B1-0AE8-45A2-8DCC-D75A4DDCF59C}"
EndProject
Project("{FAE04EC0-301F-11D3-BF4B-00C04F79EFBC}") = "Gateway", "deployable\Gateway\Gateway.csproj", "{15A2AEBD-CB1D-4A9A-BB1B-4694F53CD866}"
EndProject
Project("{FAE04EC0-301F-11D3-BF4B-00C04F79EFBC}") = "GroupRepository", "deployable\GroupRepository\GroupRepository.csproj", "{D34254C5-C6CD-45FC-82D6-862A125DBE53}"
EndProject
Project("{FAE04EC0-301F-11D3-BF4B-00C04F79EFBC}") = "GroupService", "deployable\GroupService\GroupService.csproj", "{1F60BAC8-3809-4FE1-8A06-33F62F0E831B}"
EndProject
Project("{FAE04EC0-301F-11D3-BF4B-00C04F79EFBC}") = "UserRepository", "deployable\UserRepository\UserRepository.csproj", "{AC944C1A-2030-4956-9893-2DD1A5EC2B24}"
EndProject
Project("{FAE04EC0-301F-11D3-BF4B-00C04F79EFBC}") = "UserService", "deployable\UserService\UserService.csproj", "{79A5096E-AB9C-4838-9ED1-8DB83BC898BE}"
EndProject
Project("{FAE04EC0-301F-11D3-BF4B-00C04F79EFBC}") = "AuthService", "deployable\AuthService\AuthService.csproj", "{055E2D96-04F9-40EF-B1A2-EC1516577878}"
EndProject
Project("{FAE04EC0-301F-11D3-BF4B-00C04F79EFBC}") = "Monitoring", "library\Monitoring\Monitoring.csproj", "{82B29C3B-9EFE-4C83-9DBE-1932841FBABB}"
EndProject
Global
	GlobalSection(SolutionConfigurationPlatforms) = preSolution
		Debug|Any CPU = Debug|Any CPU
		Release|Any CPU = Release|Any CPU
	EndGlobalSection
	GlobalSection(ProjectConfigurationPlatforms) = postSolution
		{21065734-3646-4AC6-B5B5-735F9A53D36F}.Debug|Any CPU.ActiveCfg = Debug|Any CPU
		{21065734-3646-4AC6-B5B5-735F9A53D36F}.Debug|Any CPU.Build.0 = Debug|Any CPU
		{21065734-3646-4AC6-B5B5-735F9A53D36F}.Release|Any CPU.ActiveCfg = Release|Any CPU
		{21065734-3646-4AC6-B5B5-735F9A53D36F}.Release|Any CPU.Build.0 = Release|Any CPU
		{3767506B-D3E6-4C12-AC77-4DD51F579436}.Debug|Any CPU.ActiveCfg = Debug|Any CPU
		{3767506B-D3E6-4C12-AC77-4DD51F579436}.Debug|Any CPU.Build.0 = Debug|Any CPU
		{3767506B-D3E6-4C12-AC77-4DD51F579436}.Release|Any CPU.ActiveCfg = Release|Any CPU
		{3767506B-D3E6-4C12-AC77-4DD51F579436}.Release|Any CPU.Build.0 = Release|Any CPU
		{8F122062-76DC-4EE8-AA6D-0233197C537A}.Debug|Any CPU.ActiveCfg = Debug|Any CPU
		{8F122062-76DC-4EE8-AA6D-0233197C537A}.Debug|Any CPU.Build.0 = Debug|Any CPU
		{8F122062-76DC-4EE8-AA6D-0233197C537A}.Release|Any CPU.ActiveCfg = Release|Any CPU
		{8F122062-76DC-4EE8-AA6D-0233197C537A}.Release|Any CPU.Build.0 = Release|Any CPU
		{410D350B-F5F7-4233-8C47-7A1CBE958B80}.Debug|Any CPU.ActiveCfg = Debug|Any CPU
		{410D350B-F5F7-4233-8C47-7A1CBE958B80}.Debug|Any CPU.Build.0 = Debug|Any CPU
		{410D350B-F5F7-4233-8C47-7A1CBE958B80}.Release|Any CPU.ActiveCfg = Release|Any CPU
		{410D350B-F5F7-4233-8C47-7A1CBE958B80}.Release|Any CPU.Build.0 = Release|Any CPU
		{8D1903B1-0AE8-45A2-8DCC-D75A4DDCF59C}.Debug|Any CPU.ActiveCfg = Debug|Any CPU
		{8D1903B1-0AE8-45A2-8DCC-D75A4DDCF59C}.Debug|Any CPU.Build.0 = Debug|Any CPU
		{8D1903B1-0AE8-45A2-8DCC-D75A4DDCF59C}.Release|Any CPU.ActiveCfg = Release|Any CPU
		{8D1903B1-0AE8-45A2-8DCC-D75A4DDCF59C}.Release|Any CPU.Build.0 = Release|Any CPU
		{15A2AEBD-CB1D-4A9A-BB1B-4694F53CD866}.Debug|Any CPU.ActiveCfg = Debug|Any CPU
		{15A2AEBD-CB1D-4A9A-BB1B-4694F53CD866}.Debug|Any CPU.Build.0 = Debug|Any CPU
		{15A2AEBD-CB1D-4A9A-BB1B-4694F53CD866}.Release|Any CPU.ActiveCfg = Release|Any CPU
		{15A2AEBD-CB1D-4A9A-BB1B-4694F53CD866}.Release|Any CPU.Build.0 = Release|Any CPU
		{D34254C5-C6CD-45FC-82D6-862A125DBE53}.Debug|Any CPU.ActiveCfg = Debug|Any CPU
		{D34254C5-C6CD-45FC-82D6-862A125DBE53}.Debug|Any CPU.Build.0 = Debug|Any CPU
		{D34254C5-C6CD-45FC-82D6-862A125DBE53}.Release|Any CPU.ActiveCfg = Release|Any CPU
		{D34254C5-C6CD-45FC-82D6-862A125DBE53}.Release|Any CPU.Build.0 = Release|Any CPU
		{1F60BAC8-3809-4FE1-8A06-33F62F0E831B}.Debug|Any CPU.ActiveCfg = Debug|Any CPU
		{1F60BAC8-3809-4FE1-8A06-33F62F0E831B}.Debug|Any CPU.Build.0 = Debug|Any CPU
		{1F60BAC8-3809-4FE1-8A06-33F62F0E831B}.Release|Any CPU.ActiveCfg = Release|Any CPU
		{1F60BAC8-3809-4FE1-8A06-33F62F0E831B}.Release|Any CPU.Build.0 = Release|Any CPU
		{AC944C1A-2030-4956-9893-2DD1A5EC2B24}.Debug|Any CPU.ActiveCfg = Debug|Any CPU
		{AC944C1A-2030-4956-9893-2DD1A5EC2B24}.Debug|Any CPU.Build.0 = Debug|Any CPU
		{AC944C1A-2030-4956-9893-2DD1A5EC2B24}.Release|Any CPU.ActiveCfg = Release|Any CPU
		{AC944C1A-2030-4956-9893-2DD1A5EC2B24}.Release|Any CPU.Build.0 = Release|Any CPU
		{79A5096E-AB9C-4838-9ED1-8DB83BC898BE}.Debug|Any CPU.ActiveCfg = Debug|Any CPU
		{79A5096E-AB9C-4838-9ED1-8DB83BC898BE}.Debug|Any CPU.Build.0 = Debug|Any CPU
		{79A5096E-AB9C-4838-9ED1-8DB83BC898BE}.Release|Any CPU.ActiveCfg = Release|Any CPU
		{79A5096E-AB9C-4838-9ED1-8DB83BC898BE}.Release|Any CPU.Build.0 = Release|Any CPU
		{055E2D96-04F9-40EF-B1A2-EC1516577878}.Debug|Any CPU.ActiveCfg = Debug|Any CPU
		{055E2D96-04F9-40EF-B1A2-EC1516577878}.Debug|Any CPU.Build.0 = Debug|Any CPU
		{055E2D96-04F9-40EF-B1A2-EC1516577878}.Release|Any CPU.ActiveCfg = Release|Any CPU
		{055E2D96-04F9-40EF-B1A2-EC1516577878}.Release|Any CPU.Build.0 = Release|Any CPU
		{82B29C3B-9EFE-4C83-9DBE-1932841FBABB}.Debug|Any CPU.ActiveCfg = Debug|Any CPU
		{82B29C3B-9EFE-4C83-9DBE-1932841FBABB}.Debug|Any CPU.Build.0 = Debug|Any CPU
		{82B29C3B-9EFE-4C83-9DBE-1932841FBABB}.Release|Any CPU.ActiveCfg = Release|Any CPU
		{82B29C3B-9EFE-4C83-9DBE-1932841FBABB}.Release|Any CPU.Build.0 = Release|Any CPU
	EndGlobalSection
	GlobalSection(NestedProjects) = preSolution
		{21065734-3646-4AC6-B5B5-735F9A53D36F} = {96F5EF3B-83F8-4D4C-907A-19A6A7F780FC}
		{3767506B-D3E6-4C12-AC77-4DD51F579436} = {96F5EF3B-83F8-4D4C-907A-19A6A7F780FC}
		{8F122062-76DC-4EE8-AA6D-0233197C537A} = {D8C05093-F967-48F1-BED0-93A72CECE152}
		{410D350B-F5F7-4233-8C47-7A1CBE958B80} = {E6B0C11E-00E0-40AA-A7E5-23C76F5B2BC9}
		{8D1903B1-0AE8-45A2-8DCC-D75A4DDCF59C} = {E6B0C11E-00E0-40AA-A7E5-23C76F5B2BC9}
		{15A2AEBD-CB1D-4A9A-BB1B-4694F53CD866} = {E6B0C11E-00E0-40AA-A7E5-23C76F5B2BC9}
		{D34254C5-C6CD-45FC-82D6-862A125DBE53} = {E6B0C11E-00E0-40AA-A7E5-23C76F5B2BC9}
		{1F60BAC8-3809-4FE1-8A06-33F62F0E831B} = {E6B0C11E-00E0-40AA-A7E5-23C76F5B2BC9}
		{AC944C1A-2030-4956-9893-2DD1A5EC2B24} = {E6B0C11E-00E0-40AA-A7E5-23C76F5B2BC9}
		{79A5096E-AB9C-4838-9ED1-8DB83BC898BE} = {E6B0C11E-00E0-40AA-A7E5-23C76F5B2BC9}
		{055E2D96-04F9-40EF-B1A2-EC1516577878} = {E6B0C11E-00E0-40AA-A7E5-23C76F5B2BC9}
		{82B29C3B-9EFE-4C83-9DBE-1932841FBABB} = {D8C05093-F967-48F1-BED0-93A72CECE152}
	EndGlobalSection
EndGlobal
